// !$*UTF8*$!
{
	archiveVersion = 1;
	classes = {
	};
	objectVersion = 56;
	objects = {

/* Begin PBXBuildFile section */
		BE31B0EA296B58F900A03FB9 /* AppDelegate.swift in Sources */ = {isa = PBXBuildFile; fileRef = BE31B0E9296B58F900A03FB9 /* AppDelegate.swift */; };
		BE31B0EC296B58F900A03FB9 /* SceneDelegate.swift in Sources */ = {isa = PBXBuildFile; fileRef = BE31B0EB296B58F900A03FB9 /* SceneDelegate.swift */; };
		BE31B0F3296B58F900A03FB9 /* Assets.xcassets in Resources */ = {isa = PBXBuildFile; fileRef = BE31B0F2296B58F900A03FB9 /* Assets.xcassets */; };
		BE31B0F6296B58F900A03FB9 /* LaunchScreen.storyboard in Resources */ = {isa = PBXBuildFile; fileRef = BE31B0F4296B58F900A03FB9 /* LaunchScreen.storyboard */; };
		BE31B0FE296B596F00A03FB9 /* DependencyContainer.swift in Sources */ = {isa = PBXBuildFile; fileRef = BE31B0FD296B596F00A03FB9 /* DependencyContainer.swift */; };
		BE31B101296B59A900A03FB9 /* Home in Frameworks */ = {isa = PBXBuildFile; productRef = BE31B100296B59A900A03FB9 /* Home */; };
		BE31B103296B59A900A03FB9 /* HomeInterface in Frameworks */ = {isa = PBXBuildFile; productRef = BE31B102296B59A900A03FB9 /* HomeInterface */; };
		BE31B105296B59A900A03FB9 /* WeatherService in Frameworks */ = {isa = PBXBuildFile; productRef = BE31B104296B59A900A03FB9 /* WeatherService */; };
		BE31B107296B59A900A03FB9 /* WeatherServiceInterface in Frameworks */ = {isa = PBXBuildFile; productRef = BE31B106296B59A900A03FB9 /* WeatherServiceInterface */; };
/* End PBXBuildFile section */

/* Begin PBXFileReference section */
		BE31B0E6296B58F900A03FB9 /* WeatherAppFaire.app */ = {isa = PBXFileReference; explicitFileType = wrapper.application; includeInIndex = 0; path = WeatherAppFaire.app; sourceTree = BUILT_PRODUCTS_DIR; };
		BE31B0E9296B58F900A03FB9 /* AppDelegate.swift */ = {isa = PBXFileReference; lastKnownFileType = sourcecode.swift; path = AppDelegate.swift; sourceTree = "<group>"; };
		BE31B0EB296B58F900A03FB9 /* SceneDelegate.swift */ = {isa = PBXFileReference; lastKnownFileType = sourcecode.swift; path = SceneDelegate.swift; sourceTree = "<group>"; };
		BE31B0F2296B58F900A03FB9 /* Assets.xcassets */ = {isa = PBXFileReference; lastKnownFileType = folder.assetcatalog; path = Assets.xcassets; sourceTree = "<group>"; };
		BE31B0F5296B58F900A03FB9 /* Base */ = {isa = PBXFileReference; lastKnownFileType = file.storyboard; name = Base; path = Base.lproj/LaunchScreen.storyboard; sourceTree = "<group>"; };
		BE31B0F7296B58F900A03FB9 /* Info.plist */ = {isa = PBXFileReference; lastKnownFileType = text.plist.xml; path = Info.plist; sourceTree = "<group>"; };
		BE31B0FD296B596F00A03FB9 /* DependencyContainer.swift */ = {isa = PBXFileReference; lastKnownFileType = sourcecode.swift; path = DependencyContainer.swift; sourceTree = "<group>"; };
/* End PBXFileReference section */

/* Begin PBXFrameworksBuildPhase section */
		BE31B0E3296B58F800A03FB9 /* Frameworks */ = {
			isa = PBXFrameworksBuildPhase;
			buildActionMask = 2147483647;
			files = (
				BE31B105296B59A900A03FB9 /* WeatherService in Frameworks */,
				BE31B107296B59A900A03FB9 /* WeatherServiceInterface in Frameworks */,
				BE31B101296B59A900A03FB9 /* Home in Frameworks */,
				BE31B103296B59A900A03FB9 /* HomeInterface in Frameworks */,
			);
			runOnlyForDeploymentPostprocessing = 0;
		};
/* End PBXFrameworksBuildPhase section */

/* Begin PBXGroup section */
		BE31B0DD296B58F800A03FB9 = {
			isa = PBXGroup;
			children = (
				BE31B0E8296B58F900A03FB9 /* WeatherAppFaire */,
				BE31B0E7296B58F900A03FB9 /* Products */,
				BE31B0FF296B59A900A03FB9 /* Frameworks */,
			);
			sourceTree = "<group>";
		};
		BE31B0E7296B58F900A03FB9 /* Products */ = {
			isa = PBXGroup;
			children = (
				BE31B0E6296B58F900A03FB9 /* WeatherAppFaire.app */,
			);
			name = Products;
			sourceTree = "<group>";
		};
		BE31B0E8296B58F900A03FB9 /* WeatherAppFaire */ = {
			isa = PBXGroup;
			children = (
				BE31B0FD296B596F00A03FB9 /* DependencyContainer.swift */,
				BE31B0E9296B58F900A03FB9 /* AppDelegate.swift */,
				BE31B0EB296B58F900A03FB9 /* SceneDelegate.swift */,
				BE31B0F2296B58F900A03FB9 /* Assets.xcassets */,
				BE31B0F4296B58F900A03FB9 /* LaunchScreen.storyboard */,
				BE31B0F7296B58F900A03FB9 /* Info.plist */,
			);
			path = WeatherAppFaire;
			sourceTree = "<group>";
		};
		BE31B0FF296B59A900A03FB9 /* Frameworks */ = {
			isa = PBXGroup;
			children = (
			);
			name = Frameworks;
			sourceTree = "<group>";
		};
/* End PBXGroup section */

/* Begin PBXNativeTarget section */
		BE31B0E5296B58F800A03FB9 /* WeatherAppFaire */ = {
			isa = PBXNativeTarget;
			buildConfigurationList = BE31B0FA296B58F900A03FB9 /* Build configuration list for PBXNativeTarget "WeatherAppFaire" */;
			buildPhases = (
				BE31B0E2296B58F800A03FB9 /* Sources */,
				BE31B0E3296B58F800A03FB9 /* Frameworks */,
				BE31B0E4296B58F800A03FB9 /* Resources */,
			);
			buildRules = (
			);
			dependencies = (
			);
			name = WeatherAppFaire;
			packageProductDependencies = (
				BE31B100296B59A900A03FB9 /* Home */,
				BE31B102296B59A900A03FB9 /* HomeInterface */,
				BE31B104296B59A900A03FB9 /* WeatherService */,
				BE31B106296B59A900A03FB9 /* WeatherServiceInterface */,
			);
			productName = WeatherAppFaire;
			productReference = BE31B0E6296B58F900A03FB9 /* WeatherAppFaire.app */;
			productType = "com.apple.product-type.application";
		};
/* End PBXNativeTarget section */

/* Begin PBXProject section */
		BE31B0DE296B58F800A03FB9 /* Project object */ = {
			isa = PBXProject;
			attributes = {
				BuildIndependentTargetsInParallel = 1;
				LastSwiftUpdateCheck = 1420;
				LastUpgradeCheck = 1420;
				TargetAttributes = {
					BE31B0E5296B58F800A03FB9 = {
						CreatedOnToolsVersion = 14.2;
					};
				};
			};
			buildConfigurationList = BE31B0E1296B58F800A03FB9 /* Build configuration list for PBXProject "WeatherAppFaire" */;
			compatibilityVersion = "Xcode 14.0";
			developmentRegion = en;
			hasScannedForEncodings = 0;
			knownRegions = (
				en,
				Base,
			);
			mainGroup = BE31B0DD296B58F800A03FB9;
			productRefGroup = BE31B0E7296B58F900A03FB9 /* Products */;
			projectDirPath = "";
			projectRoot = "";
			targets = (
				BE31B0E5296B58F800A03FB9 /* WeatherAppFaire */,
			);
		};
/* End PBXProject section */

/* Begin PBXResourcesBuildPhase section */
		BE31B0E4296B58F800A03FB9 /* Resources */ = {
			isa = PBXResourcesBuildPhase;
			buildActionMask = 2147483647;
			files = (
				BE31B0F6296B58F900A03FB9 /* LaunchScreen.storyboard in Resources */,
				BE31B0F3296B58F900A03FB9 /* Assets.xcassets in Resources */,
			);
			runOnlyForDeploymentPostprocessing = 0;
		};
/* End PBXResourcesBuildPhase section */

/* Begin PBXSourcesBuildPhase section */
		BE31B0E2296B58F800A03FB9 /* Sources */ = {
			isa = PBXSourcesBuildPhase;
			buildActionMask = 2147483647;
			files = (
				BE31B0EA296B58F900A03FB9 /* AppDelegate.swift in Sources */,
				BE31B0FE296B596F00A03FB9 /* DependencyContainer.swift in Sources */,
				BE31B0EC296B58F900A03FB9 /* SceneDelegate.swift in Sources */,
			);
			runOnlyForDeploymentPostprocessing = 0;
		};
/* End PBXSourcesBuildPhase section */

/* Begin PBXVariantGroup section */
		BE31B0F4296B58F900A03FB9 /* LaunchScreen.storyboard */ = {
			isa = PBXVariantGroup;
			children = (
				BE31B0F5296B58F900A03FB9 /* Base */,
			);
			name = LaunchScreen.storyboard;
			sourceTree = "<group>";
		};
/* End PBXVariantGroup section */

/* Begin XCBuildConfiguration section */
		BE31B0F8296B58F900A03FB9 /* Debug */ = {
			isa = XCBuildConfiguration;
			buildSettings = {
				ALWAYS_SEARCH_USER_PATHS = NO;
				CLANG_ANALYZER_NONNULL = YES;
				CLANG_ANALYZER_NUMBER_OBJECT_CONVERSION = YES_AGGRESSIVE;
				CLANG_CXX_LANGUAGE_STANDARD = "gnu++20";
				CLANG_ENABLE_MODULES = YES;
				CLANG_ENABLE_OBJC_ARC = YES;
				CLANG_ENABLE_OBJC_WEAK = YES;
				CLANG_WARN_BLOCK_CAPTURE_AUTORELEASING = YES;
				CLANG_WARN_BOOL_CONVERSION = YES;
				CLANG_WARN_COMMA = YES;
				CLANG_WARN_CONSTANT_CONVERSION = YES;
				CLANG_WARN_DEPRECATED_OBJC_IMPLEMENTATIONS = YES;
				CLANG_WARN_DIRECT_OBJC_ISA_USAGE = YES_ERROR;
				CLANG_WARN_DOCUMENTATION_COMMENTS = YES;
				CLANG_WARN_EMPTY_BODY = YES;
				CLANG_WARN_ENUM_CONVERSION = YES;
				CLANG_WARN_INFINITE_RECURSION = YES;
				CLANG_WARN_INT_CONVERSION = YES;
				CLANG_WARN_NON_LITERAL_NULL_CONVERSION = YES;
				CLANG_WARN_OBJC_IMPLICIT_RETAIN_SELF = YES;
				CLANG_WARN_OBJC_LITERAL_CONVERSION = YES;
				CLANG_WARN_OBJC_ROOT_CLASS = YES_ERROR;
				CLANG_WARN_QUOTED_INCLUDE_IN_FRAMEWORK_HEADER = YES;
				CLANG_WARN_RANGE_LOOP_ANALYSIS = YES;
				CLANG_WARN_STRICT_PROTOTYPES = YES;
				CLANG_WARN_SUSPICIOUS_MOVE = YES;
				CLANG_WARN_UNGUARDED_AVAILABILITY = YES_AGGRESSIVE;
				CLANG_WARN_UNREACHABLE_CODE = YES;
				CLANG_WARN__DUPLICATE_METHOD_MATCH = YES;
				COPY_PHASE_STRIP = NO;
				DEBUG_INFORMATION_FORMAT = dwarf;
				ENABLE_STRICT_OBJC_MSGSEND = YES;
				ENABLE_TESTABILITY = YES;
				GCC_C_LANGUAGE_STANDARD = gnu11;
				GCC_DYNAMIC_NO_PIC = NO;
				GCC_NO_COMMON_BLOCKS = YES;
				GCC_OPTIMIZATION_LEVEL = 0;
				GCC_PREPROCESSOR_DEFINITIONS = (
					"DEBUG=1",
					"$(inherited)",
				);
				GCC_WARN_64_TO_32_BIT_CONVERSION = YES;
				GCC_WARN_ABOUT_RETURN_TYPE = YES_ERROR;
				GCC_WARN_UNDECLARED_SELECTOR = YES;
				GCC_WARN_UNINITIALIZED_AUTOS = YES_AGGRESSIVE;
				GCC_WARN_UNUSED_FUNCTION = YES;
				GCC_WARN_UNUSED_VARIABLE = YES;
				IPHONEOS_DEPLOYMENT_TARGET = 16.2;
				MTL_ENABLE_DEBUG_INFO = INCLUDE_SOURCE;
				MTL_FAST_MATH = YES;
				ONLY_ACTIVE_ARCH = YES;
				SDKROOT = iphoneos;
				SWIFT_ACTIVE_COMPILATION_CONDITIONS = DEBUG;
				SWIFT_OPTIMIZATION_LEVEL = "-Onone";
			};
			name = Debug;
		};
		BE31B0F9296B58F900A03FB9 /* Release */ = {
			isa = XCBuildConfiguration;
			buildSettings = {
				ALWAYS_SEARCH_USER_PATHS = NO;
				CLANG_ANALYZER_NONNULL = YES;
				CLANG_ANALYZER_NUMBER_OBJECT_CONVERSION = YES_AGGRESSIVE;
				CLANG_CXX_LANGUAGE_STANDARD = "gnu++20";
				CLANG_ENABLE_MODULES = YES;
				CLANG_ENABLE_OBJC_ARC = YES;
				CLANG_ENABLE_OBJC_WEAK = YES;
				CLANG_WARN_BLOCK_CAPTURE_AUTORELEASING = YES;
				CLANG_WARN_BOOL_CONVERSION = YES;
				CLANG_WARN_COMMA = YES;
				CLANG_WARN_CONSTANT_CONVERSION = YES;
				CLANG_WARN_DEPRECATED_OBJC_IMPLEMENTATIONS = YES;
				CLANG_WARN_DIRECT_OBJC_ISA_USAGE = YES_ERROR;
				CLANG_WARN_DOCUMENTATION_COMMENTS = YES;
				CLANG_WARN_EMPTY_BODY = YES;
				CLANG_WARN_ENUM_CONVERSION = YES;
				CLANG_WARN_INFINITE_RECURSION = YES;
				CLANG_WARN_INT_CONVERSION = YES;
				CLANG_WARN_NON_LITERAL_NULL_CONVERSION = YES;
				CLANG_WARN_OBJC_IMPLICIT_RETAIN_SELF = YES;
				CLANG_WARN_OBJC_LITERAL_CONVERSION = YES;
				CLANG_WARN_OBJC_ROOT_CLASS = YES_ERROR;
				CLANG_WARN_QUOTED_INCLUDE_IN_FRAMEWORK_HEADER = YES;
				CLANG_WARN_RANGE_LOOP_ANALYSIS = YES;
				CLANG_WARN_STRICT_PROTOTYPES = YES;
				CLANG_WARN_SUSPICIOUS_MOVE = YES;
				CLANG_WARN_UNGUARDED_AVAILABILITY = YES_AGGRESSIVE;
				CLANG_WARN_UNREACHABLE_CODE = YES;
				CLANG_WARN__DUPLICATE_METHOD_MATCH = YES;
				COPY_PHASE_STRIP = NO;
				DEBUG_INFORMATION_FORMAT = "dwarf-with-dsym";
				ENABLE_NS_ASSERTIONS = NO;
				ENABLE_STRICT_OBJC_MSGSEND = YES;
				GCC_C_LANGUAGE_STANDARD = gnu11;
				GCC_NO_COMMON_BLOCKS = YES;
				GCC_WARN_64_TO_32_BIT_CONVERSION = YES;
				GCC_WARN_ABOUT_RETURN_TYPE = YES_ERROR;
				GCC_WARN_UNDECLARED_SELECTOR = YES;
				GCC_WARN_UNINITIALIZED_AUTOS = YES_AGGRESSIVE;
				GCC_WARN_UNUSED_FUNCTION = YES;
				GCC_WARN_UNUSED_VARIABLE = YES;
				IPHONEOS_DEPLOYMENT_TARGET = 16.2;
				MTL_ENABLE_DEBUG_INFO = NO;
				MTL_FAST_MATH = YES;
				SDKROOT = iphoneos;
				SWIFT_COMPILATION_MODE = wholemodule;
				SWIFT_OPTIMIZATION_LEVEL = "-O";
				VALIDATE_PRODUCT = YES;
			};
			name = Release;
		};
		BE31B0FB296B58F900A03FB9 /* Debug */ = {
			isa = XCBuildConfiguration;
			buildSettings = {
				ASSETCATALOG_COMPILER_APPICON_NAME = AppIcon;
				ASSETCATALOG_COMPILER_GLOBAL_ACCENT_COLOR_NAME = AccentColor;
				CODE_SIGN_STYLE = Automatic;
				CURRENT_PROJECT_VERSION = 1;
				DEVELOPMENT_TEAM = WT38KCE65L;
				GENERATE_INFOPLIST_FILE = YES;
				INFOPLIST_FILE = WeatherAppFaire/Info.plist;
				INFOPLIST_KEY_UIApplicationSupportsIndirectInputEvents = YES;
				INFOPLIST_KEY_UILaunchStoryboardName = LaunchScreen;
				INFOPLIST_KEY_UISupportedInterfaceOrientations = UIInterfaceOrientationPortrait;
				INFOPLIST_KEY_UISupportedInterfaceOrientations_iPad = "UIInterfaceOrientationLandscapeLeft UIInterfaceOrientationLandscapeRight UIInterfaceOrientationPortrait UIInterfaceOrientationPortraitUpsideDown";
				LD_RUNPATH_SEARCH_PATHS = (
					"$(inherited)",
					"@executable_path/Frameworks",
				);
				MARKETING_VERSION = 1.0;
				PRODUCT_BUNDLE_IDENTIFIER = pedro.nadolny.WeatherAppFaire;
				PRODUCT_NAME = "$(TARGET_NAME)";
				SUPPORTED_PLATFORMS = "iphoneos iphonesimulator";
				SUPPORTS_MACCATALYST = NO;
				SUPPORTS_MAC_DESIGNED_FOR_IPHONE_IPAD = NO;
				SWIFT_EMIT_LOC_STRINGS = YES;
				SWIFT_VERSION = 5.0;
				TARGETED_DEVICE_FAMILY = 1;
			};
			name = Debug;
		};
		BE31B0FC296B58F900A03FB9 /* Release */ = {
			isa = XCBuildConfiguration;
			buildSettings = {
				ASSETCATALOG_COMPILER_APPICON_NAME = AppIcon;
				ASSETCATALOG_COMPILER_GLOBAL_ACCENT_COLOR_NAME = AccentColor;
				CODE_SIGN_STYLE = Automatic;
				CURRENT_PROJECT_VERSION = 1;
				DEVELOPMENT_TEAM = WT38KCE65L;
				GENERATE_INFOPLIST_FILE = YES;
				INFOPLIST_FILE = WeatherAppFaire/Info.plist;
				INFOPLIST_KEY_UIApplicationSupportsIndirectInputEvents = YES;
				INFOPLIST_KEY_UILaunchStoryboardName = LaunchScreen;
				INFOPLIST_KEY_UISupportedInterfaceOrientations = UIInterfaceOrientationPortrait;
				INFOPLIST_KEY_UISupportedInterfaceOrientations_iPad = "UIInterfaceOrientationLandscapeLeft UIInterfaceOrientationLandscapeRight UIInterfaceOrientationPortrait UIInterfaceOrientationPortraitUpsideDown";
				LD_RUNPATH_SEARCH_PATHS = (
					"$(inherited)",
					"@executable_path/Frameworks",
				);
				MARKETING_VERSION = 1.0;
				PRODUCT_BUNDLE_IDENTIFIER = pedro.nadolny.WeatherAppFaire;
				PRODUCT_NAME = "$(TARGET_NAME)";
				SUPPORTED_PLATFORMS = "iphoneos iphonesimulator";
				SUPPORTS_MACCATALYST = NO;
				SUPPORTS_MAC_DESIGNED_FOR_IPHONE_IPAD = NO;
				SWIFT_EMIT_LOC_STRINGS = YES;
				SWIFT_VERSION = 5.0;
				TARGETED_DEVICE_FAMILY = 1;
			};
			name = Release;
		};
/* End XCBuildConfiguration section */

/* Begin XCConfigurationList section */
		BE31B0E1296B58F800A03FB9 /* Build configuration list for PBXProject "WeatherAppFaire" */ = {
			isa = XCConfigurationList;
			buildConfigurations = (
				BE31B0F8296B58F900A03FB9 /* Debug */,
				BE31B0F9296B58F900A03FB9 /* Release */,
			);
			defaultConfigurationIsVisible = 0;
			defaultConfigurationName = Release;
		};
		BE31B0FA296B58F900A03FB9 /* Build configuration list for PBXNativeTarget "WeatherAppFaire" */ = {
			isa = XCConfigurationList;
			buildConfigurations = (
				BE31B0FB296B58F900A03FB9 /* Debug */,
				BE31B0FC296B58F900A03FB9 /* Release */,
			);
			defaultConfigurationIsVisible = 0;
			defaultConfigurationName = Release;
		};
/* End XCConfigurationList section */

/* Begin XCSwiftPackageProductDependency section */
		BE31B100296B59A900A03FB9 /* Home */ = {
			isa = XCSwiftPackageProductDependency;
			productName = Home;
		};
		BE31B102296B59A900A03FB9 /* HomeInterface */ = {
			isa = XCSwiftPackageProductDependency;
			productName = HomeInterface;
		};
		BE31B104296B59A900A03FB9 /* WeatherService */ = {
			isa = XCSwiftPackageProductDependency;
			productName = WeatherService;
		};
		BE31B106296B59A900A03FB9 /* WeatherServiceInterface */ = {
			isa = XCSwiftPackageProductDependency;
			productName = WeatherServiceInterface;
		};
/* End XCSwiftPackageProductDependency section */
	};
	rootObject = BE31B0DE296B58F800A03FB9 /* Project object */;
}
